
Microsoft Visual Studio Solution File, Format Version 12.00
# Visual Studio Version 17
VisualStudioVersion = 17.4.32916.344
MinimumVisualStudioVersion = 10.0.40219.1
Project("{2150E333-8FDC-42A3-9474-1A3956D46DE8}") = "Packaging", "Packaging", "{4BBC6C8F-9039-451C-B3B2-F6811E04F395}"
EndProject
Project("{2150E333-8FDC-42A3-9474-1A3956D46DE8}") = "Elementos de la solución", "Elementos de la solución", "{BCDBF1FA-9E64-4BBA-8331-8BDA603FDA6B}"
	ProjectSection(SolutionItems) = preProject
		ReadMe.md = ReadMe.md
	EndProjectSection
EndProject
Project("{9A19103F-16F7-4668-BE54-9A1E7A4F7556}") = "Mvvm.Extensions.Generator", "Mvvm.Extensions.Generator\Mvvm.Extensions.Generator.csproj", "{BE407E74-89F9-4F99-8D82-F359FA66968D}"
EndProject
Project("{9A19103F-16F7-4668-BE54-9A1E7A4F7556}") = "Mvvm.Extensions.UnitTests", "Mvvm.Extensions.UnitTests\Mvvm.Extensions.UnitTests.csproj", "{81920270-E51A-4F4D-A4DC-A16125CE0F55}"
EndProject
Global
	GlobalSection(SolutionConfigurationPlatforms) = preSolution
		Debug|Any CPU = Debug|Any CPU
		Release|Any CPU = Release|Any CPU
		Test|Any CPU = Test|Any CPU
	EndGlobalSection
	GlobalSection(ProjectConfigurationPlatforms) = postSolution
		{BE407E74-89F9-4F99-8D82-F359FA66968D}.Debug|Any CPU.ActiveCfg = Debug|Any CPU
		{BE407E74-89F9-4F99-8D82-F359FA66968D}.Debug|Any CPU.Build.0 = Debug|Any CPU
		{BE407E74-89F9-4F99-8D82-F359FA66968D}.Release|Any CPU.ActiveCfg = Release|Any CPU
		{BE407E74-89F9-4F99-8D82-F359FA66968D}.Release|Any CPU.Build.0 = Release|Any CPU
		{BE407E74-89F9-4F99-8D82-F359FA66968D}.Test|Any CPU.ActiveCfg = Test|Any CPU
		{BE407E74-89F9-4F99-8D82-F359FA66968D}.Test|Any CPU.Build.0 = Test|Any CPU
		{81920270-E51A-4F4D-A4DC-A16125CE0F55}.Debug|Any CPU.ActiveCfg = Debug|Any CPU
		{81920270-E51A-4F4D-A4DC-A16125CE0F55}.Debug|Any CPU.Build.0 = Debug|Any CPU
		{81920270-E51A-4F4D-A4DC-A16125CE0F55}.Release|Any CPU.ActiveCfg = Release|Any CPU
		{81920270-E51A-4F4D-A4DC-A16125CE0F55}.Release|Any CPU.Build.0 = Release|Any CPU
		{81920270-E51A-4F4D-A4DC-A16125CE0F55}.Test|Any CPU.ActiveCfg = Debug|Any CPU
		{81920270-E51A-4F4D-A4DC-A16125CE0F55}.Test|Any CPU.Build.0 = Debug|Any CPU
	EndGlobalSection
	GlobalSection(SolutionProperties) = preSolution
		HideSolutionNode = FALSE
	EndGlobalSection
	GlobalSection(ExtensibilityGlobals) = postSolution
		SolutionGuid = {17708AA6-E9D1-43A1-9722-36E1383A1834}
	EndGlobalSection
EndGlobal
